
Microsoft Visual Studio Solution File, Format Version 12.00
# Visual Studio Version 17
VisualStudioVersion = 17.12.35707.178
MinimumVisualStudioVersion = 10.0.40219.1
Project("{FAE04EC0-301F-11D3-BF4B-00C04F79EFBC}") = "DSA_Group1_Final_Project", "DSA_Group1_Final_Project\DSA_Group1_Final_Project.csproj", "{AA4603FD-4B1D-4135-8364-C936AE136889}"
EndProject
Project("{8BC9CEB8-8B4A-11D0-8D11-00A0C91BC942}") = "DataStructures", "StackDataStructure\StackDataStructure.vcxproj", "{C5B952C8-BD8F-4269-AB1C-0441F36A07EA}"
EndProject
Project("{2150E333-8FDC-42A3-9474-1A3956D46DE8}") = "Solution Items", "Solution Items", "{121EF50C-7909-4EAC-90D4-EAD29B8B9E54}"
	ProjectSection(SolutionItems) = preProject
		.gitignore = .gitignore
	EndProjectSection
EndProject
Global
	GlobalSection(SolutionConfigurationPlatforms) = preSolution
		Debug|Any CPU = Debug|Any CPU
		Debug|ARM = Debug|ARM
		Debug|ARM32 = Debug|ARM32
		Debug|ARM64 = Debug|ARM64
		Debug|x64 = Debug|x64
		Debug|x86 = Debug|x86
		Release|Any CPU = Release|Any CPU
		Release|ARM = Release|ARM
		Release|ARM32 = Release|ARM32
		Release|ARM64 = Release|ARM64
		Release|x64 = Release|x64
		Release|x86 = Release|x86
	EndGlobalSection
	GlobalSection(ProjectConfigurationPlatforms) = postSolution
		{AA4603FD-4B1D-4135-8364-C936AE136889}.Debug|Any CPU.ActiveCfg = Debug|x86
		{AA4603FD-4B1D-4135-8364-C936AE136889}.Debug|Any CPU.Build.0 = Debug|x86
		{AA4603FD-4B1D-4135-8364-C936AE136889}.Debug|ARM.ActiveCfg = Debug|x64
		{AA4603FD-4B1D-4135-8364-C936AE136889}.Debug|ARM.Build.0 = Debug|x64
		{AA4603FD-4B1D-4135-8364-C936AE136889}.Debug|ARM32.ActiveCfg = Debug|ARM32
		{AA4603FD-4B1D-4135-8364-C936AE136889}.Debug|ARM32.Build.0 = Debug|ARM32
		{AA4603FD-4B1D-4135-8364-C936AE136889}.Debug|ARM64.ActiveCfg = Debug|Any CPU
		{AA4603FD-4B1D-4135-8364-C936AE136889}.Debug|ARM64.Build.0 = Debug|Any CPU
		{AA4603FD-4B1D-4135-8364-C936AE136889}.Debug|x64.ActiveCfg = Debug|Any CPU
		{AA4603FD-4B1D-4135-8364-C936AE136889}.Debug|x64.Build.0 = Debug|Any CPU
		{AA4603FD-4B1D-4135-8364-C936AE136889}.Debug|x86.ActiveCfg = Debug|Any CPU
		{AA4603FD-4B1D-4135-8364-C936AE136889}.Debug|x86.Build.0 = Debug|Any CPU
		{AA4603FD-4B1D-4135-8364-C936AE136889}.Release|Any CPU.ActiveCfg = Release|Any CPU
		{AA4603FD-4B1D-4135-8364-C936AE136889}.Release|Any CPU.Build.0 = Release|Any CPU
		{AA4603FD-4B1D-4135-8364-C936AE136889}.Release|ARM.ActiveCfg = Release|Any CPU
		{AA4603FD-4B1D-4135-8364-C936AE136889}.Release|ARM.Build.0 = Release|Any CPU
		{AA4603FD-4B1D-4135-8364-C936AE136889}.Release|ARM32.ActiveCfg = Release|ARM32
		{AA4603FD-4B1D-4135-8364-C936AE136889}.Release|ARM32.Build.0 = Release|ARM32
		{AA4603FD-4B1D-4135-8364-C936AE136889}.Release|ARM64.ActiveCfg = Release|ARM64
		{AA4603FD-4B1D-4135-8364-C936AE136889}.Release|ARM64.Build.0 = Release|ARM64
		{AA4603FD-4B1D-4135-8364-C936AE136889}.Release|x64.ActiveCfg = Release|Any CPU
		{AA4603FD-4B1D-4135-8364-C936AE136889}.Release|x64.Build.0 = Release|Any CPU
		{AA4603FD-4B1D-4135-8364-C936AE136889}.Release|x86.ActiveCfg = Release|Any CPU
		{AA4603FD-4B1D-4135-8364-C936AE136889}.Release|x86.Build.0 = Release|Any CPU
		{C5B952C8-BD8F-4269-AB1C-0441F36A07EA}.Debug|Any CPU.ActiveCfg = Debug|x64
		{C5B952C8-BD8F-4269-AB1C-0441F36A07EA}.Debug|Any CPU.Build.0 = Debug|x64
		{C5B952C8-BD8F-4269-AB1C-0441F36A07EA}.Debug|ARM.ActiveCfg = Debug|x64
		{C5B952C8-BD8F-4269-AB1C-0441F36A07EA}.Debug|ARM.Build.0 = Debug|x64
		{C5B952C8-BD8F-4269-AB1C-0441F36A07EA}.Debug|ARM32.ActiveCfg = Debug|x64
		{C5B952C8-BD8F-4269-AB1C-0441F36A07EA}.Debug|ARM32.Build.0 = Debug|x64
		{C5B952C8-BD8F-4269-AB1C-0441F36A07EA}.Debug|ARM64.ActiveCfg = Debug|x64
		{C5B952C8-BD8F-4269-AB1C-0441F36A07EA}.Debug|ARM64.Build.0 = Debug|x64
		{C5B952C8-BD8F-4269-AB1C-0441F36A07EA}.Debug|x64.ActiveCfg = Debug|x64
		{C5B952C8-BD8F-4269-AB1C-0441F36A07EA}.Debug|x64.Build.0 = Debug|x64
		{C5B952C8-BD8F-4269-AB1C-0441F36A07EA}.Debug|x86.ActiveCfg = Debug|x64
		{C5B952C8-BD8F-4269-AB1C-0441F36A07EA}.Debug|x86.Build.0 = Debug|x64
		{C5B952C8-BD8F-4269-AB1C-0441F36A07EA}.Release|Any CPU.ActiveCfg = Release|x64
		{C5B952C8-BD8F-4269-AB1C-0441F36A07EA}.Release|Any CPU.Build.0 = Release|x64
		{C5B952C8-BD8F-4269-AB1C-0441F36A07EA}.Release|ARM.ActiveCfg = Release|ARM
		{C5B952C8-BD8F-4269-AB1C-0441F36A07EA}.Release|ARM.Build.0 = Release|ARM
		{C5B952C8-BD8F-4269-AB1C-0441F36A07EA}.Release|ARM32.ActiveCfg = Release|x64
		{C5B952C8-BD8F-4269-AB1C-0441F36A07EA}.Release|ARM32.Build.0 = Release|x64
		{C5B952C8-BD8F-4269-AB1C-0441F36A07EA}.Release|ARM64.ActiveCfg = Release|x64
		{C5B952C8-BD8F-4269-AB1C-0441F36A07EA}.Release|ARM64.Build.0 = Release|x64
		{C5B952C8-BD8F-4269-AB1C-0441F36A07EA}.Release|x64.ActiveCfg = Release|x64
		{C5B952C8-BD8F-4269-AB1C-0441F36A07EA}.Release|x64.Build.0 = Release|x64
		{C5B952C8-BD8F-4269-AB1C-0441F36A07EA}.Release|x86.ActiveCfg = Release|Win32
		{C5B952C8-BD8F-4269-AB1C-0441F36A07EA}.Release|x86.Build.0 = Release|Win32
	EndGlobalSection
	GlobalSection(SolutionProperties) = preSolution
		HideSolutionNode = FALSE
	EndGlobalSection
EndGlobal
